
Microsoft Visual Studio Solution File, Format Version 12.00
# Visual Studio Version 16
VisualStudioVersion = 16.0.31828.109
MinimumVisualStudioVersion = 10.0.40219.1
Project("{FAE04EC0-301F-11D3-BF4B-00C04F79EFBC}") = "Guan", "Guan\Guan.csproj", "{D2E013B1-29AA-48EE-9898-E2592C464511}"
EndProject
Project("{FAE04EC0-301F-11D3-BF4B-00C04F79EFBC}") = "GuanTest", "GuanTest\GuanTest.csproj", "{4042B149-C837-4D0E-8FD9-7C58F9FD5CAA}"
EndProject
Global
	GlobalSection(SolutionConfigurationPlatforms) = preSolution
		Debug|Any CPU = Debug|Any CPU
		Release|Any CPU = Release|Any CPU
	EndGlobalSection
	GlobalSection(ProjectConfigurationPlatforms) = postSolution
		{D2E013B1-29AA-48EE-9898-E2592C464511}.Debug|Any CPU.ActiveCfg = Debug|Any CPU
		{D2E013B1-29AA-48EE-9898-E2592C464511}.Debug|Any CPU.Build.0 = Debug|Any CPU
		{D2E013B1-29AA-48EE-9898-E2592C464511}.Release|Any CPU.ActiveCfg = Release|Any CPU
		{D2E013B1-29AA-48EE-9898-E2592C464511}.Release|Any CPU.Build.0 = Release|Any CPU
		{4042B149-C837-4D0E-8FD9-7C58F9FD5CAA}.Debug|Any CPU.ActiveCfg = Debug|Any CPU
		{4042B149-C837-4D0E-8FD9-7C58F9FD5CAA}.Debug|Any CPU.Build.0 = Debug|Any CPU
		{4042B149-C837-4D0E-8FD9-7C58F9FD5CAA}.Release|Any CPU.ActiveCfg = Release|Any CPU
		{4042B149-C837-4D0E-8FD9-7C58F9FD5CAA}.Release|Any CPU.Build.0 = Release|Any CPU
	EndGlobalSection
	GlobalSection(SolutionProperties) = preSolution
		HideSolutionNode = FALSE
	EndGlobalSection
	GlobalSection(ExtensibilityGlobals) = postSolution
		SolutionGuid = {7C1E58D3-EF58-422A-9311-2880445E2A02}
	EndGlobalSection
EndGlobal
